
Microsoft Visual Studio Solution File, Format Version 12.00
# Visual Studio Version 16
VisualStudioVersion = 16.0.31313.79
MinimumVisualStudioVersion = 10.0.40219.1
Project("{FAE04EC0-301F-11D3-BF4B-00C04F79EFBC}") = "DDLCplusExtractor", "DDLCplusExtractor\DDLCplusExtractor.csproj", "{2F7CCACD-EBD8-4414-9E66-7F4B96C675DC}"
EndProject
Global
	GlobalSection(SolutionConfigurationPlatforms) = preSolution
		Debug|Any CPU = Debug|Any CPU
		Release|Any CPU = Release|Any CPU
	EndGlobalSection
	GlobalSection(ProjectConfigurationPlatforms) = postSolution
		{2F7CCACD-EBD8-4414-9E66-7F4B96C675DC}.Debug|Any CPU.ActiveCfg = Debug|Any CPU
		{2F7CCACD-EBD8-4414-9E66-7F4B96C675DC}.Debug|Any CPU.Build.0 = Debug|Any CPU
		{2F7CCACD-EBD8-4414-9E66-7F4B96C675DC}.Release|Any CPU.ActiveCfg = Release|Any CPU
		{2F7CCACD-EBD8-4414-9E66-7F4B96C675DC}.Release|Any CPU.Build.0 = Release|Any CPU
	EndGlobalSection
	GlobalSection(SolutionProperties) = preSolution
		HideSolutionNode = FALSE
	EndGlobalSection
	GlobalSection(ExtensibilityGlobals) = postSolution
		SolutionGuid = {DED76196-F689-418C-B678-A87066EA8DFD}
	EndGlobalSection
EndGlobal
